
Microsoft Visual Studio Solution File, Format Version 12.00
# Visual Studio Version 17
VisualStudioVersion = 17.11.35327.3
MinimumVisualStudioVersion = 10.0.40219.1
Project("{FAE04EC0-301F-11D3-BF4B-00C04F79EFBC}") = "05.03.2025", "05.03.2025.csproj", "{F145256E-CB8C-4F38-8C1F-49D8C83CDF55}"
EndProject
Global
	GlobalSection(SolutionConfigurationPlatforms) = preSolution
		Debug|Any CPU = Debug|Any CPU
		Release|Any CPU = Release|Any CPU
	EndGlobalSection
	GlobalSection(ProjectConfigurationPlatforms) = postSolution
		{F145256E-CB8C-4F38-8C1F-49D8C83CDF55}.Debug|Any CPU.ActiveCfg = Debug|Any CPU
		{F145256E-CB8C-4F38-8C1F-49D8C83CDF55}.Debug|Any CPU.Build.0 = Debug|Any CPU
		{F145256E-CB8C-4F38-8C1F-49D8C83CDF55}.Release|Any CPU.ActiveCfg = Release|Any CPU
		{F145256E-CB8C-4F38-8C1F-49D8C83CDF55}.Release|Any CPU.Build.0 = Release|Any CPU
	EndGlobalSection
	GlobalSection(SolutionProperties) = preSolution
		HideSolutionNode = FALSE
	EndGlobalSection
	GlobalSection(ExtensibilityGlobals) = postSolution
		SolutionGuid = {CBF36F5B-AAF5-4DD4-B2C8-282806206156}
	EndGlobalSection
EndGlobal
